
Microsoft Visual Studio Solution File, Format Version 12.00
# Visual Studio 2015
Project("{FAE04EC0-301F-11D3-BF4B-00C04F79EFBC}") = "Wasteland RPG.Plugins", "Wasteland RPG.Plugins.csproj", "{BBAB0225-312A-2325-7AAF-356CEE36A37F}"
EndProject
Project("{FAE04EC0-301F-11D3-BF4B-00C04F79EFBC}") = "Wasteland RPG", "Wasteland RPG.csproj", "{54455BA0-7229-4949-A70E-4D5739BB5F93}"
EndProject
Project("{FAE04EC0-301F-11D3-BF4B-00C04F79EFBC}") = "Wasteland RPG.Editor.Plugins", "Wasteland RPG.Editor.Plugins.csproj", "{E5C88A6D-5196-630B-B838-57E46131D96E}"
EndProject
Global
	GlobalSection(SolutionConfigurationPlatforms) = preSolution
		Debug|Any CPU = Debug|Any CPU
		Release|Any CPU = Release|Any CPU
	EndGlobalSection
	GlobalSection(ProjectConfigurationPlatforms) = postSolution
		{BBAB0225-312A-2325-7AAF-356CEE36A37F}.Debug|Any CPU.ActiveCfg = Debug|Any CPU
		{BBAB0225-312A-2325-7AAF-356CEE36A37F}.Debug|Any CPU.Build.0 = Debug|Any CPU
		{BBAB0225-312A-2325-7AAF-356CEE36A37F}.Release|Any CPU.ActiveCfg = Release|Any CPU
		{BBAB0225-312A-2325-7AAF-356CEE36A37F}.Release|Any CPU.Build.0 = Release|Any CPU
		{54455BA0-7229-4949-A70E-4D5739BB5F93}.Debug|Any CPU.ActiveCfg = Debug|Any CPU
		{54455BA0-7229-4949-A70E-4D5739BB5F93}.Debug|Any CPU.Build.0 = Debug|Any CPU
		{54455BA0-7229-4949-A70E-4D5739BB5F93}.Release|Any CPU.ActiveCfg = Release|Any CPU
		{54455BA0-7229-4949-A70E-4D5739BB5F93}.Release|Any CPU.Build.0 = Release|Any CPU
		{E5C88A6D-5196-630B-B838-57E46131D96E}.Debug|Any CPU.ActiveCfg = Debug|Any CPU
		{E5C88A6D-5196-630B-B838-57E46131D96E}.Debug|Any CPU.Build.0 = Debug|Any CPU
		{E5C88A6D-5196-630B-B838-57E46131D96E}.Release|Any CPU.ActiveCfg = Release|Any CPU
		{E5C88A6D-5196-630B-B838-57E46131D96E}.Release|Any CPU.Build.0 = Release|Any CPU
	EndGlobalSection
	GlobalSection(SolutionProperties) = preSolution
		HideSolutionNode = FALSE
	EndGlobalSection
EndGlobal
